
Microsoft Visual Studio Solution File, Format Version 12.00
# Visual Studio Version 17
VisualStudioVersion = 17.13.35818.85 d17.13
MinimumVisualStudioVersion = 10.0.40219.1
Project("{FAE04EC0-301F-11D3-BF4B-00C04F79EFBC}") = "YazOkuluFrontend", "YazOkuluFrontend\YazOkuluFrontend.csproj", "{DBE5EB99-7836-48FA-B522-0AEC90702650}"
EndProject
Global
	GlobalSection(SolutionConfigurationPlatforms) = preSolution
		Debug|Any CPU = Debug|Any CPU
		Release|Any CPU = Release|Any CPU
	EndGlobalSection
	GlobalSection(ProjectConfigurationPlatforms) = postSolution
		{DBE5EB99-7836-48FA-B522-0AEC90702650}.Debug|Any CPU.ActiveCfg = Debug|Any CPU
		{DBE5EB99-7836-48FA-B522-0AEC90702650}.Debug|Any CPU.Build.0 = Debug|Any CPU
		{DBE5EB99-7836-48FA-B522-0AEC90702650}.Release|Any CPU.ActiveCfg = Release|Any CPU
		{DBE5EB99-7836-48FA-B522-0AEC90702650}.Release|Any CPU.Build.0 = Release|Any CPU
	EndGlobalSection
	GlobalSection(SolutionProperties) = preSolution
		HideSolutionNode = FALSE
	EndGlobalSection
	GlobalSection(ExtensibilityGlobals) = postSolution
		SolutionGuid = {C74228CD-5899-4D0F-B5F0-DC84F5C50964}
	EndGlobalSection
EndGlobal
